
Microsoft Visual Studio Solution File, Format Version 12.00
# Visual Studio Version 16
VisualStudioVersion = 16.0.30611.23
MinimumVisualStudioVersion = 10.0.40219.1
Project("{FAE04EC0-301F-11D3-BF4B-00C04F79EFBC}") = "CapturedPersons", "CapturedPersons.csproj", "{AD658D5F-B94E-42C1-A070-B695EB62214F}"
EndProject
Global
	GlobalSection(SolutionConfigurationPlatforms) = preSolution
		Debug|Any CPU = Debug|Any CPU
		Release|Any CPU = Release|Any CPU
	EndGlobalSection
	GlobalSection(ProjectConfigurationPlatforms) = postSolution
		{AD658D5F-B94E-42C1-A070-B695EB62214F}.Debug|Any CPU.ActiveCfg = Debug|Any CPU
		{AD658D5F-B94E-42C1-A070-B695EB62214F}.Debug|Any CPU.Build.0 = Debug|Any CPU
		{AD658D5F-B94E-42C1-A070-B695EB62214F}.Release|Any CPU.ActiveCfg = Release|Any CPU
		{AD658D5F-B94E-42C1-A070-B695EB62214F}.Release|Any CPU.Build.0 = Release|Any CPU
	EndGlobalSection
	GlobalSection(SolutionProperties) = preSolution
		HideSolutionNode = FALSE
	EndGlobalSection
	GlobalSection(ExtensibilityGlobals) = postSolution
		SolutionGuid = {3BB64B97-9E3D-474B-979F-1EACEB6245BC}
	EndGlobalSection
EndGlobal
